// !$*UTF8*$!
{
	archiveVersion = 1;
	classes = {
	};
	objectVersion = 46;
	objects = {

/* Begin PBXBuildFile section */
		B549E8991AE5C2E400946B5F /* AppDelegate.swift in Sources */ = {isa = PBXBuildFile; fileRef = B549E8981AE5C2E400946B5F /* AppDelegate.swift */; };
		B549E89B1AE5C2E400946B5F /* MainViewController.swift in Sources */ = {isa = PBXBuildFile; fileRef = B549E89A1AE5C2E400946B5F /* MainViewController.swift */; };
		B549E89E1AE5C2E400946B5F /* Main.storyboard in Resources */ = {isa = PBXBuildFile; fileRef = B549E89C1AE5C2E400946B5F /* Main.storyboard */; };
		B549E8A01AE5C2E400946B5F /* Images.xcassets in Resources */ = {isa = PBXBuildFile; fileRef = B549E89F1AE5C2E400946B5F /* Images.xcassets */; };
		B549E8A31AE5C2E400946B5F /* LaunchScreen.xib in Resources */ = {isa = PBXBuildFile; fileRef = B549E8A11AE5C2E400946B5F /* LaunchScreen.xib */; };
		B554C9A01AED23900040129C /* BackgroundDataSource.swift in Sources */ = {isa = PBXBuildFile; fileRef = B554C99F1AED23900040129C /* BackgroundDataSource.swift */; };
		B5631CEA1AECADF500800731 /* MediaPlayer.framework in Frameworks */ = {isa = PBXBuildFile; fileRef = B5631CE91AECADF500800731 /* MediaPlayer.framework */; };
		B5631CEC1AECADFC00800731 /* AVFoundation.framework in Frameworks */ = {isa = PBXBuildFile; fileRef = B5631CEB1AECADFC00800731 /* AVFoundation.framework */; };
		B5631CEE1AECB8C900800731 /* HaikuPlayerViewController.swift in Sources */ = {isa = PBXBuildFile; fileRef = B5631CED1AECB8C900800731 /* HaikuPlayerViewController.swift */; };
		B5631CF01AECBC4100800731 /* AudioPlayers.swift in Sources */ = {isa = PBXBuildFile; fileRef = B5631CEF1AECBC4100800731 /* AudioPlayers.swift */; };
		B59833BD1AE7277900809D03 /* BackgroundViewController.swift in Sources */ = {isa = PBXBuildFile; fileRef = B59833BC1AE7277900809D03 /* BackgroundViewController.swift */; };
		B59833BF1AE7278100809D03 /* SkillsViewController.swift in Sources */ = {isa = PBXBuildFile; fileRef = B59833BE1AE7278100809D03 /* SkillsViewController.swift */; };
		B59833C11AE7278800809D03 /* InterestsViewController.swift in Sources */ = {isa = PBXBuildFile; fileRef = B59833C01AE7278800809D03 /* InterestsViewController.swift */; };
		B59833C31AE7279200809D03 /* ProjectsViewController.swift in Sources */ = {isa = PBXBuildFile; fileRef = B59833C21AE7279200809D03 /* ProjectsViewController.swift */; };
		B59833C51AE7295800809D03 /* LandscapeRightNavigation.swift in Sources */ = {isa = PBXBuildFile; fileRef = B59833C41AE7295800809D03 /* LandscapeRightNavigation.swift */; };
		B59833C71AE729D900809D03 /* LandscapeLeftNavigationController.swift in Sources */ = {isa = PBXBuildFile; fileRef = B59833C61AE729D900809D03 /* LandscapeLeftNavigationController.swift */; };
		B59833C91AE72A1900809D03 /* PortraitUpsideDownNavigationController.swift in Sources */ = {isa = PBXBuildFile; fileRef = B59833C81AE72A1900809D03 /* PortraitUpsideDownNavigationController.swift */; };
		B59833CC1AE72B4E00809D03 /* PortraitNavigationController.swift in Sources */ = {isa = PBXBuildFile; fileRef = B59833CB1AE72B4E00809D03 /* PortraitNavigationController.swift */; };
		B59EDEFB1AEC1D7400601D43 /* ProjectsDataSource.swift in Sources */ = {isa = PBXBuildFile; fileRef = B59EDEFA1AEC1D7400601D43 /* ProjectsDataSource.swift */; };
		B5C0F8D91AEC40B400A8E680 /* LinkViewController.swift in Sources */ = {isa = PBXBuildFile; fileRef = B5C0F8D81AEC40B400A8E680 /* LinkViewController.swift */; };
		B5CE8FD51AEC64A700189DE0 /* Haiku.pdf in Resources */ = {isa = PBXBuildFile; fileRef = B5CE8FD41AEC64A700189DE0 /* Haiku.pdf */; };
		B5CE8FDC1AEC6E3200189DE0 /* Brass Quartet?.mp3 in Resources */ = {isa = PBXBuildFile; fileRef = B5CE8FD71AEC6E3200189DE0 /* Brass Quartet?.mp3 */; };
		B5CE8FDD1AEC6E3200189DE0 /* Haiku.mp4 in Resources */ = {isa = PBXBuildFile; fileRef = B5CE8FD81AEC6E3200189DE0 /* Haiku.mp4 */; };
		B5CE8FDE1AEC6E3200189DE0 /* Brass Quartet?.pdf in Resources */ = {isa = PBXBuildFile; fileRef = B5CE8FD91AEC6E3200189DE0 /* Brass Quartet?.pdf */; };
		B5CE8FDF1AEC6E3200189DE0 /* Grave.mp3 in Resources */ = {isa = PBXBuildFile; fileRef = B5CE8FDA1AEC6E3200189DE0 /* Grave.mp3 */; };
		B5CE8FE01AEC6E3200189DE0 /* Grave.pdf in Resources */ = {isa = PBXBuildFile; fileRef = B5CE8FDB1AEC6E3200189DE0 /* Grave.pdf */; };
		B5CE8FE21AEC707B00189DE0 /* PDFViewController.swift in Sources */ = {isa = PBXBuildFile; fileRef = B5CE8FE11AEC707B00189DE0 /* PDFViewController.swift */; };
		B5CE8FE41AEC920B00189DE0 /* Constants.swift in Sources */ = {isa = PBXBuildFile; fileRef = B5CE8FE31AEC920B00189DE0 /* Constants.swift */; };
		B5E0BBC61AE9D59E00218693 /* CoreMotion.framework in Frameworks */ = {isa = PBXBuildFile; fileRef = B5E0BBC51AE9D59E00218693 /* CoreMotion.framework */; };
/* End PBXBuildFile section */

/* Begin PBXFileReference section */
		B549E8931AE5C2E400946B5F /* Andrew Clissold.app */ = {isa = PBXFileReference; explicitFileType = wrapper.application; includeInIndex = 0; path = "Andrew Clissold.app"; sourceTree = BUILT_PRODUCTS_DIR; };
		B549E8971AE5C2E400946B5F /* Info.plist */ = {isa = PBXFileReference; lastKnownFileType = text.plist.xml; path = Info.plist; sourceTree = "<group>"; };
		B549E8981AE5C2E400946B5F /* AppDelegate.swift */ = {isa = PBXFileReference; lastKnownFileType = sourcecode.swift; path = AppDelegate.swift; sourceTree = "<group>"; };
		B549E89A1AE5C2E400946B5F /* MainViewController.swift */ = {isa = PBXFileReference; lastKnownFileType = sourcecode.swift; path = MainViewController.swift; sourceTree = "<group>"; };
		B549E89D1AE5C2E400946B5F /* Base */ = {isa = PBXFileReference; lastKnownFileType = file.storyboard; name = Base; path = Base.lproj/Main.storyboard; sourceTree = "<group>"; };
		B549E89F1AE5C2E400946B5F /* Images.xcassets */ = {isa = PBXFileReference; lastKnownFileType = folder.assetcatalog; path = Images.xcassets; sourceTree = "<group>"; };
		B549E8A21AE5C2E400946B5F /* Base */ = {isa = PBXFileReference; lastKnownFileType = file.xib; name = Base; path = Base.lproj/LaunchScreen.xib; sourceTree = "<group>"; };
		B554C99F1AED23900040129C /* BackgroundDataSource.swift */ = {isa = PBXFileReference; fileEncoding = 4; lastKnownFileType = sourcecode.swift; path = BackgroundDataSource.swift; sourceTree = "<group>"; };
		B5631CE91AECADF500800731 /* MediaPlayer.framework */ = {isa = PBXFileReference; lastKnownFileType = wrapper.framework; name = MediaPlayer.framework; path = System/Library/Frameworks/MediaPlayer.framework; sourceTree = SDKROOT; };
		B5631CEB1AECADFC00800731 /* AVFoundation.framework */ = {isa = PBXFileReference; lastKnownFileType = wrapper.framework; name = AVFoundation.framework; path = System/Library/Frameworks/AVFoundation.framework; sourceTree = SDKROOT; };
		B5631CED1AECB8C900800731 /* HaikuPlayerViewController.swift */ = {isa = PBXFileReference; fileEncoding = 4; lastKnownFileType = sourcecode.swift; path = HaikuPlayerViewController.swift; sourceTree = "<group>"; };
		B5631CEF1AECBC4100800731 /* AudioPlayers.swift */ = {isa = PBXFileReference; fileEncoding = 4; lastKnownFileType = sourcecode.swift; path = AudioPlayers.swift; sourceTree = "<group>"; };
		B59833BC1AE7277900809D03 /* BackgroundViewController.swift */ = {isa = PBXFileReference; fileEncoding = 4; lastKnownFileType = sourcecode.swift; path = BackgroundViewController.swift; sourceTree = "<group>"; };
		B59833BE1AE7278100809D03 /* SkillsViewController.swift */ = {isa = PBXFileReference; fileEncoding = 4; lastKnownFileType = sourcecode.swift; path = SkillsViewController.swift; sourceTree = "<group>"; };
		B59833C01AE7278800809D03 /* InterestsViewController.swift */ = {isa = PBXFileReference; fileEncoding = 4; lastKnownFileType = sourcecode.swift; path = InterestsViewController.swift; sourceTree = "<group>"; };
		B59833C21AE7279200809D03 /* ProjectsViewController.swift */ = {isa = PBXFileReference; fileEncoding = 4; lastKnownFileType = sourcecode.swift; path = ProjectsViewController.swift; sourceTree = "<group>"; };
		B59833C41AE7295800809D03 /* LandscapeRightNavigation.swift */ = {isa = PBXFileReference; fileEncoding = 4; lastKnownFileType = sourcecode.swift; path = LandscapeRightNavigation.swift; sourceTree = "<group>"; };
		B59833C61AE729D900809D03 /* LandscapeLeftNavigationController.swift */ = {isa = PBXFileReference; fileEncoding = 4; lastKnownFileType = sourcecode.swift; path = LandscapeLeftNavigationController.swift; sourceTree = "<group>"; };
		B59833C81AE72A1900809D03 /* PortraitUpsideDownNavigationController.swift */ = {isa = PBXFileReference; fileEncoding = 4; lastKnownFileType = sourcecode.swift; path = PortraitUpsideDownNavigationController.swift; sourceTree = "<group>"; };
		B59833CB1AE72B4E00809D03 /* PortraitNavigationController.swift */ = {isa = PBXFileReference; fileEncoding = 4; lastKnownFileType = sourcecode.swift; path = PortraitNavigationController.swift; sourceTree = "<group>"; };
		B59EDEFA1AEC1D7400601D43 /* ProjectsDataSource.swift */ = {isa = PBXFileReference; fileEncoding = 4; lastKnownFileType = sourcecode.swift; path = ProjectsDataSource.swift; sourceTree = "<group>"; };
		B5C0F8D81AEC40B400A8E680 /* LinkViewController.swift */ = {isa = PBXFileReference; fileEncoding = 4; lastKnownFileType = sourcecode.swift; path = LinkViewController.swift; sourceTree = "<group>"; };
		B5CE8FD41AEC64A700189DE0 /* Haiku.pdf */ = {isa = PBXFileReference; lastKnownFileType = image.pdf; path = Haiku.pdf; sourceTree = "<group>"; };
		B5CE8FD71AEC6E3200189DE0 /* Brass Quartet?.mp3 */ = {isa = PBXFileReference; lastKnownFileType = audio.mp3; path = "Brass Quartet?.mp3"; sourceTree = "<group>"; };
		B5CE8FD81AEC6E3200189DE0 /* Haiku.mp4 */ = {isa = PBXFileReference; lastKnownFileType = file; path = Haiku.mp4; sourceTree = "<group>"; };
		B5CE8FD91AEC6E3200189DE0 /* Brass Quartet?.pdf */ = {isa = PBXFileReference; lastKnownFileType = image.pdf; path = "Brass Quartet?.pdf"; sourceTree = "<group>"; };
		B5CE8FDA1AEC6E3200189DE0 /* Grave.mp3 */ = {isa = PBXFileReference; lastKnownFileType = audio.mp3; path = Grave.mp3; sourceTree = "<group>"; };
		B5CE8FDB1AEC6E3200189DE0 /* Grave.pdf */ = {isa = PBXFileReference; lastKnownFileType = image.pdf; path = Grave.pdf; sourceTree = "<group>"; };
		B5CE8FE11AEC707B00189DE0 /* PDFViewController.swift */ = {isa = PBXFileReference; fileEncoding = 4; lastKnownFileType = sourcecode.swift; path = PDFViewController.swift; sourceTree = "<group>"; };
		B5CE8FE31AEC920B00189DE0 /* Constants.swift */ = {isa = PBXFileReference; fileEncoding = 4; lastKnownFileType = sourcecode.swift; path = Constants.swift; sourceTree = "<group>"; };
		B5E0BBC51AE9D59E00218693 /* CoreMotion.framework */ = {isa = PBXFileReference; lastKnownFileType = wrapper.framework; name = CoreMotion.framework; path = System/Library/Frameworks/CoreMotion.framework; sourceTree = SDKROOT; };
/* End PBXFileReference section */

/* Begin PBXFrameworksBuildPhase section */
		B549E8901AE5C2E400946B5F /* Frameworks */ = {
			isa = PBXFrameworksBuildPhase;
			buildActionMask = 2147483647;
			files = (
				B5631CEC1AECADFC00800731 /* AVFoundation.framework in Frameworks */,
				B5631CEA1AECADF500800731 /* MediaPlayer.framework in Frameworks */,
				B5E0BBC61AE9D59E00218693 /* CoreMotion.framework in Frameworks */,
			);
			runOnlyForDeploymentPostprocessing = 0;
		};
/* End PBXFrameworksBuildPhase section */

/* Begin PBXGroup section */
		B549E88A1AE5C2E400946B5F = {
			isa = PBXGroup;
			children = (
				B5631CEB1AECADFC00800731 /* AVFoundation.framework */,
				B5631CE91AECADF500800731 /* MediaPlayer.framework */,
				B5E0BBC51AE9D59E00218693 /* CoreMotion.framework */,
				B549E8951AE5C2E400946B5F /* Andrew Clissold */,
				B549E8941AE5C2E400946B5F /* Products */,
			);
			sourceTree = "<group>";
		};
		B549E8941AE5C2E400946B5F /* Products */ = {
			isa = PBXGroup;
			children = (
				B549E8931AE5C2E400946B5F /* Andrew Clissold.app */,
			);
			name = Products;
			sourceTree = "<group>";
		};
		B549E8951AE5C2E400946B5F /* Andrew Clissold */ = {
			isa = PBXGroup;
			children = (
				B549E8981AE5C2E400946B5F /* AppDelegate.swift */,
				B5CE8FE31AEC920B00189DE0 /* Constants.swift */,
				B549E89A1AE5C2E400946B5F /* MainViewController.swift */,
				B5C0F8D11AEC3F1100A8E680 /* Projects */,
				B5CE8FD61AEC6E0D00189DE0 /* Interests */,
				B59833BE1AE7278100809D03 /* SkillsViewController.swift */,
				B554C9A11AED279F0040129C /* Background */,
				B59833CA1AE72B2900809D03 /* Orientation Navigation Controllers */,
				B549E89C1AE5C2E400946B5F /* Main.storyboard */,
				B549E89F1AE5C2E400946B5F /* Images.xcassets */,
				B549E8A11AE5C2E400946B5F /* LaunchScreen.xib */,
				B549E8961AE5C2E400946B5F /* Supporting Files */,
			);
			path = "Andrew Clissold";
			sourceTree = "<group>";
		};
		B549E8961AE5C2E400946B5F /* Supporting Files */ = {
			isa = PBXGroup;
			children = (
				B549E8971AE5C2E400946B5F /* Info.plist */,
			);
			name = "Supporting Files";
			sourceTree = "<group>";
		};
		B554C9A11AED279F0040129C /* Background */ = {
			isa = PBXGroup;
			children = (
				B59833BC1AE7277900809D03 /* BackgroundViewController.swift */,
				B554C99F1AED23900040129C /* BackgroundDataSource.swift */,
			);
			name = Background;
			sourceTree = "<group>";
		};
		B59833CA1AE72B2900809D03 /* Orientation Navigation Controllers */ = {
			isa = PBXGroup;
			children = (
				B59833CB1AE72B4E00809D03 /* PortraitNavigationController.swift */,
				B59833C81AE72A1900809D03 /* PortraitUpsideDownNavigationController.swift */,
				B59833C61AE729D900809D03 /* LandscapeLeftNavigationController.swift */,
				B59833C41AE7295800809D03 /* LandscapeRightNavigation.swift */,
			);
			name = "Orientation Navigation Controllers";
			sourceTree = "<group>";
		};
		B5C0F8D11AEC3F1100A8E680 /* Projects */ = {
			isa = PBXGroup;
			children = (
				B59833C21AE7279200809D03 /* ProjectsViewController.swift */,
				B59EDEFA1AEC1D7400601D43 /* ProjectsDataSource.swift */,
				B5C0F8D81AEC40B400A8E680 /* LinkViewController.swift */,
			);
			name = Projects;
			sourceTree = "<group>";
		};
		B5CE8FD61AEC6E0D00189DE0 /* Interests */ = {
			isa = PBXGroup;
			children = (
				B59833C01AE7278800809D03 /* InterestsViewController.swift */,
				B5631CED1AECB8C900800731 /* HaikuPlayerViewController.swift */,
				B5631CEF1AECBC4100800731 /* AudioPlayers.swift */,
				B5CE8FE11AEC707B00189DE0 /* PDFViewController.swift */,
				B5CE8FDA1AEC6E3200189DE0 /* Grave.mp3 */,
				B5CE8FDB1AEC6E3200189DE0 /* Grave.pdf */,
				B5CE8FD71AEC6E3200189DE0 /* Brass Quartet?.mp3 */,
				B5CE8FD91AEC6E3200189DE0 /* Brass Quartet?.pdf */,
				B5CE8FD81AEC6E3200189DE0 /* Haiku.mp4 */,
				B5CE8FD41AEC64A700189DE0 /* Haiku.pdf */,
			);
			name = Interests;
			sourceTree = "<group>";
		};
/* End PBXGroup section */

/* Begin PBXNativeTarget section */
		B549E8921AE5C2E400946B5F /* Andrew Clissold */ = {
			isa = PBXNativeTarget;
			buildConfigurationList = B549E8B21AE5C2E400946B5F /* Build configuration list for PBXNativeTarget "Andrew Clissold" */;
			buildPhases = (
				B549E88F1AE5C2E400946B5F /* Sources */,
				B549E8901AE5C2E400946B5F /* Frameworks */,
				B549E8911AE5C2E400946B5F /* Resources */,
			);
			buildRules = (
			);
			dependencies = (
			);
			name = "Andrew Clissold";
			productName = "Andrew Clissold";
			productReference = B549E8931AE5C2E400946B5F /* Andrew Clissold.app */;
			productType = "com.apple.product-type.application";
		};
/* End PBXNativeTarget section */

/* Begin PBXProject section */
		B549E88B1AE5C2E400946B5F /* Project object */ = {
			isa = PBXProject;
			attributes = {
				LastSwiftUpdateCheck = 0700;
				LastUpgradeCheck = 0630;
				ORGANIZATIONNAME = "Andrew Clissold";
				TargetAttributes = {
					B549E8921AE5C2E400946B5F = {
						CreatedOnToolsVersion = 6.3;
						SystemCapabilities = {
							com.apple.BackgroundModes = {
								enabled = 1;
							};
						};
					};
				};
			};
			buildConfigurationList = B549E88E1AE5C2E400946B5F /* Build configuration list for PBXProject "Andrew Clissold" */;
			compatibilityVersion = "Xcode 3.2";
			developmentRegion = English;
			hasScannedForEncodings = 0;
			knownRegions = (
				en,
				Base,
			);
			mainGroup = B549E88A1AE5C2E400946B5F;
			productRefGroup = B549E8941AE5C2E400946B5F /* Products */;
			projectDirPath = "";
			projectRoot = "";
			targets = (
				B549E8921AE5C2E400946B5F /* Andrew Clissold */,
			);
		};
/* End PBXProject section */

/* Begin PBXResourcesBuildPhase section */
		B549E8911AE5C2E400946B5F /* Resources */ = {
			isa = PBXResourcesBuildPhase;
			buildActionMask = 2147483647;
			files = (
				B5CE8FDD1AEC6E3200189DE0 /* Haiku.mp4 in Resources */,
				B5CE8FE01AEC6E3200189DE0 /* Grave.pdf in Resources */,
				B5CE8FDC1AEC6E3200189DE0 /* Brass Quartet?.mp3 in Resources */,
				B5CE8FDE1AEC6E3200189DE0 /* Brass Quartet?.pdf in Resources */,
				B549E89E1AE5C2E400946B5F /* Main.storyboard in Resources */,
				B5CE8FDF1AEC6E3200189DE0 /* Grave.mp3 in Resources */,
				B549E8A31AE5C2E400946B5F /* LaunchScreen.xib in Resources */,
				B549E8A01AE5C2E400946B5F /* Images.xcassets in Resources */,
				B5CE8FD51AEC64A700189DE0 /* Haiku.pdf in Resources */,
			);
			runOnlyForDeploymentPostprocessing = 0;
		};
/* End PBXResourcesBuildPhase section */

/* Begin PBXSourcesBuildPhase section */
		B549E88F1AE5C2E400946B5F /* Sources */ = {
			isa = PBXSourcesBuildPhase;
			buildActionMask = 2147483647;
			files = (
				B59833C31AE7279200809D03 /* ProjectsViewController.swift in Sources */,
				B59833C91AE72A1900809D03 /* PortraitUpsideDownNavigationController.swift in Sources */,
				B59833CC1AE72B4E00809D03 /* PortraitNavigationController.swift in Sources */,
				B5CE8FE21AEC707B00189DE0 /* PDFViewController.swift in Sources */,
				B59833BD1AE7277900809D03 /* BackgroundViewController.swift in Sources */,
				B549E89B1AE5C2E400946B5F /* MainViewController.swift in Sources */,
				B554C9A01AED23900040129C /* BackgroundDataSource.swift in Sources */,
				B5631CEE1AECB8C900800731 /* HaikuPlayerViewController.swift in Sources */,
				B59833BF1AE7278100809D03 /* SkillsViewController.swift in Sources */,
				B59833C71AE729D900809D03 /* LandscapeLeftNavigationController.swift in Sources */,
				B549E8991AE5C2E400946B5F /* AppDelegate.swift in Sources */,
				B5C0F8D91AEC40B400A8E680 /* LinkViewController.swift in Sources */,
				B59EDEFB1AEC1D7400601D43 /* ProjectsDataSource.swift in Sources */,
				B5CE8FE41AEC920B00189DE0 /* Constants.swift in Sources */,
				B59833C51AE7295800809D03 /* LandscapeRightNavigation.swift in Sources */,
				B59833C11AE7278800809D03 /* InterestsViewController.swift in Sources */,
				B5631CF01AECBC4100800731 /* AudioPlayers.swift in Sources */,
			);
			runOnlyForDeploymentPostprocessing = 0;
		};
/* End PBXSourcesBuildPhase section */

/* Begin PBXVariantGroup section */
		B549E89C1AE5C2E400946B5F /* Main.storyboard */ = {
			isa = PBXVariantGroup;
			children = (
				B549E89D1AE5C2E400946B5F /* Base */,
			);
			name = Main.storyboard;
			sourceTree = "<group>";
		};
		B549E8A11AE5C2E400946B5F /* LaunchScreen.xib */ = {
			isa = PBXVariantGroup;
			children = (
				B549E8A21AE5C2E400946B5F /* Base */,
			);
			name = LaunchScreen.xib;
			sourceTree = "<group>";
		};
/* End PBXVariantGroup section */

/* Begin XCBuildConfiguration section */
		B549E8B01AE5C2E400946B5F /* Debug */ = {
			isa = XCBuildConfiguration;
			buildSettings = {
				ALWAYS_SEARCH_USER_PATHS = NO;
				CLANG_CXX_LANGUAGE_STANDARD = "gnu++0x";
				CLANG_CXX_LIBRARY = "libc++";
				CLANG_ENABLE_MODULES = YES;
				CLANG_ENABLE_OBJC_ARC = YES;
				CLANG_WARN_BOOL_CONVERSION = YES;
				CLANG_WARN_CONSTANT_CONVERSION = YES;
				CLANG_WARN_DIRECT_OBJC_ISA_USAGE = YES_ERROR;
				CLANG_WARN_EMPTY_BODY = YES;
				CLANG_WARN_ENUM_CONVERSION = YES;
				CLANG_WARN_INT_CONVERSION = YES;
				CLANG_WARN_OBJC_ROOT_CLASS = YES_ERROR;
				CLANG_WARN_UNREACHABLE_CODE = YES;
				CLANG_WARN__DUPLICATE_METHOD_MATCH = YES;
				"CODE_SIGN_IDENTITY[sdk=iphoneos*]" = "iPhone Developer";
				COPY_PHASE_STRIP = NO;
				DEBUG_INFORMATION_FORMAT = "dwarf-with-dsym";
				ENABLE_STRICT_OBJC_MSGSEND = YES;
				GCC_C_LANGUAGE_STANDARD = gnu99;
				GCC_DYNAMIC_NO_PIC = NO;
				GCC_NO_COMMON_BLOCKS = YES;
				GCC_OPTIMIZATION_LEVEL = 0;
				GCC_PREPROCESSOR_DEFINITIONS = (
					"DEBUG=1",
					"$(inherited)",
				);
				GCC_SYMBOLS_PRIVATE_EXTERN = NO;
				GCC_WARN_64_TO_32_BIT_CONVERSION = YES;
				GCC_WARN_ABOUT_RETURN_TYPE = YES_ERROR;
				GCC_WARN_UNDECLARED_SELECTOR = YES;
				GCC_WARN_UNINITIALIZED_AUTOS = YES_AGGRESSIVE;
				GCC_WARN_UNUSED_FUNCTION = YES;
				GCC_WARN_UNUSED_VARIABLE = YES;
				IPHONEOS_DEPLOYMENT_TARGET = 8.3;
				MTL_ENABLE_DEBUG_INFO = YES;
				ONLY_ACTIVE_ARCH = YES;
				SDKROOT = iphoneos;
				SWIFT_OPTIMIZATION_LEVEL = "-Onone";
			};
			name = Debug;
		};
		B549E8B11AE5C2E400946B5F /* Release */ = {
			isa = XCBuildConfiguration;
			buildSettings = {
				ALWAYS_SEARCH_USER_PATHS = NO;
				CLANG_CXX_LANGUAGE_STANDARD = "gnu++0x";
				CLANG_CXX_LIBRARY = "libc++";
				CLANG_ENABLE_MODULES = YES;
				CLANG_ENABLE_OBJC_ARC = YES;
				CLANG_WARN_BOOL_CONVERSION = YES;
				CLANG_WARN_CONSTANT_CONVERSION = YES;
				CLANG_WARN_DIRECT_OBJC_ISA_USAGE = YES_ERROR;
				CLANG_WARN_EMPTY_BODY = YES;
				CLANG_WARN_ENUM_CONVERSION = YES;
				CLANG_WARN_INT_CONVERSION = YES;
				CLANG_WARN_OBJC_ROOT_CLASS = YES_ERROR;
				CLANG_WARN_UNREACHABLE_CODE = YES;
				CLANG_WARN__DUPLICATE_METHOD_MATCH = YES;
				"CODE_SIGN_IDENTITY[sdk=iphoneos*]" = "iPhone Developer";
				COPY_PHASE_STRIP = NO;
				DEBUG_INFORMATION_FORMAT = "dwarf-with-dsym";
				ENABLE_NS_ASSERTIONS = NO;
				ENABLE_STRICT_OBJC_MSGSEND = YES;
				GCC_C_LANGUAGE_STANDARD = gnu99;
				GCC_NO_COMMON_BLOCKS = YES;
				GCC_WARN_64_TO_32_BIT_CONVERSION = YES;
				GCC_WARN_ABOUT_RETURN_TYPE = YES_ERROR;
				GCC_WARN_UNDECLARED_SELECTOR = YES;
				GCC_WARN_UNINITIALIZED_AUTOS = YES_AGGRESSIVE;
				GCC_WARN_UNUSED_FUNCTION = YES;
				GCC_WARN_UNUSED_VARIABLE = YES;
				IPHONEOS_DEPLOYMENT_TARGET = 8.3;
				MTL_ENABLE_DEBUG_INFO = NO;
				SDKROOT = iphoneos;
				VALIDATE_PRODUCT = YES;
			};
			name = Release;
		};
		B549E8B31AE5C2E400946B5F /* Debug */ = {
			isa = XCBuildConfiguration;
			buildSettings = {
				ASSETCATALOG_COMPILER_APPICON_NAME = AppIcon;
				INFOPLIST_FILE = "Andrew Clissold/Info.plist";
				LD_RUNPATH_SEARCH_PATHS = "$(inherited) @executable_path/Frameworks";
				PRODUCT_NAME = "$(TARGET_NAME)";
			};
			name = Debug;
		};
		B549E8B41AE5C2E400946B5F /* Release */ = {
			isa = XCBuildConfiguration;
			buildSettings = {
				ASSETCATALOG_COMPILER_APPICON_NAME = AppIcon;
				INFOPLIST_FILE = "Andrew Clissold/Info.plist";
				LD_RUNPATH_SEARCH_PATHS = "$(inherited) @executable_path/Frameworks";
				PRODUCT_NAME = "$(TARGET_NAME)";
			};
			name = Release;
		};
/* End XCBuildConfiguration section */

/* Begin XCConfigurationList section */
		B549E88E1AE5C2E400946B5F /* Build configuration list for PBXProject "Andrew Clissold" */ = {
			isa = XCConfigurationList;
			buildConfigurations = (
				B549E8B01AE5C2E400946B5F /* Debug */,
				B549E8B11AE5C2E400946B5F /* Release */,
			);
			defaultConfigurationIsVisible = 0;
			defaultConfigurationName = Release;
		};
		B549E8B21AE5C2E400946B5F /* Build configuration list for PBXNativeTarget "Andrew Clissold" */ = {
			isa = XCConfigurationList;
			buildConfigurations = (
				B549E8B31AE5C2E400946B5F /* Debug */,
				B549E8B41AE5C2E400946B5F /* Release */,
			);
			defaultConfigurationIsVisible = 0;
			defaultConfigurationName = Release;
		};
/* End XCConfigurationList section */
	};
	rootObject = B549E88B1AE5C2E400946B5F /* Project object */;
}
